# This file is autogenerated, do not edit; changes may be undone by the next 'dep ensure'.


[[projects]]
  branch = "master"
  digest = "1:5fe3f6ede1c208a2efd3b78fe4df0306aa9624edd39476143d14f0326e5a8d29"
  name = "github.com/facebookgo/clock"
  packages = ["."]
  pruneopts = "UT"
  revision = "600d898af40aa09a7a93ecb9265d87b0504b6f03"

[[projects]]
  branch = "master"
  digest = "1:1f21d86648746b776eae0dff77e4cafa2d9ccec0f0f1248c48306231ee800674"
  name = "github.com/facebookgo/grace"
  packages = [
    "gracehttp",
    "gracenet",
  ]
  pruneopts = "UT"
  revision = "75cf19382434e82df4dd84953f566b8ad23d6e9e"

[[projects]]
  branch = "master"
  digest = "1:17cb421603403a24edb0c7eeb382295dd31c72ab9ccf31cf7f0a37971f00aaa7"
  name = "github.com/facebookgo/httpdown"
  packages = ["."]
  pruneopts = "UT"
  revision = "5979d39b15c26299dc282711b0d65b113daccea6"

[[projects]]
  branch = "master"
  digest = "1:02c7a4e944d94d6b80f51517158d10633b10775f528a3b7bdfc658d6f92415bd"
  name = "github.com/facebookgo/stats"
  packages = ["."]
  pruneopts = "UT"
  revision = "1b76add642e42c6ffba7211ad7b3939ce654526e"

[[projects]]
  digest = "1:c79fb010be38a59d657c48c6ba1d003a8aa651fa56b579d959d74573b7dff8e1"
  name = "github.com/gorilla/context"
  packages = ["."]
  pruneopts = "UT"
  revision = "08b5f424b9271eedf6f9f0ce86cb9396ed337a42"
  version = "v1.1.1"

[[projects]]
  digest = "1:e73f5b0152105f18bc131fba127d9949305c8693f8a762588a82a48f61756f5f"
  name = "github.com/gorilla/mux"
  packages = ["."]
  pruneopts = "UT"
  revision = "e3702bed27f0d39777b0b37b664b6280e8ef8fbf"
  version = "v1.6.2"

[[projects]]
  digest = "1:8ef506fc2bb9ced9b151dafa592d4046063d744c646c1bbe801982ce87e4bc24"
  name = "github.com/lib/pq"
  packages = [
    ".",
    "oid",
  ]
  pruneopts = "UT"
  revision = "4ded0e9383f75c197b3a2aaa6d590ac52df6fd79"
  version = "v1.0.0"

[solve-meta]
  analyzer-name = "dep"
  analyzer-version = 1
  input-imports = [
    "github.com/facebookgo/grace/gracehttp",
    "github.com/gorilla/mux",
    "github.com/lib/pq",
  ]
  solver-name = "gps-cdcl"
  solver-version = 1
